{
  "version": 4,
  "terraform_version": "1.5.7",
  "serial": 23,
  "lineage": "a313befd-8b0e-0298-e664-7d0557e7daba",
  "outputs": {},
  "resources": [
    {
      "mode": "data",
      "type": "azurerm_private_dns_zone",
      "name": "dnsuiapi",
      "provider": "provider[\"registry.terraform.io/hashicorp/azurerm\"]",
      "instances": [
        {
          "schema_version": 0,
          "attributes": {
            "id": "/subscriptions/7739b8d4-eb08-431f-b752-b3bc116a0d8b/resourceGroups/fha-so-infra-net-001/providers/Microsoft.Network/privateDnsZones/privatelink.azuredatabricks.net",
            "max_number_of_record_sets": 25000,
            "max_number_of_virtual_network_links": 1000,
            "max_number_of_virtual_network_links_with_registration": 100,
            "name": "privatelink.azuredatabricks.net",
            "number_of_record_sets": 2,
            "resource_group_name": "fha-so-infra-net-001",
            "tags": {},
            "timeouts": null
          },
          "sensitive_attributes": []
        }
      ]
    },
    {
      "mode": "managed",
      "type": "azurerm_databricks_workspace",
      "name": "databricks_workspace",
      "provider": "provider[\"registry.terraform.io/hashicorp/azurerm\"]",
      "instances": [
        {
          "schema_version": 0,
          "attributes": {
            "custom_parameters": [
              {
                "machine_learning_workspace_id": "",
                "nat_gateway_name": "",
                "no_public_ip": true,
                "private_subnet_name": "ETTestDatabrick001-private-subnet",
                "private_subnet_network_security_group_association_id": "/subscriptions/7739b8d4-eb08-431f-b752-b3bc116a0d8b/resourceGroups/FHA-SO-Infra-Net-001/providers/Microsoft.Network/virtualNetworks/vnet-001/subnets/ETTestDatabrick001-private-subnet",
                "public_ip_name": "nat-gw-public-ip",
                "public_subnet_name": "ETTestDatabrick001-public-subnet",
                "public_subnet_network_security_group_association_id": "/subscriptions/7739b8d4-eb08-431f-b752-b3bc116a0d8b/resourceGroups/FHA-SO-Infra-Net-001/providers/Microsoft.Network/virtualNetworks/vnet-001/subnets/ETTestDatabrick001-public-subnet",
                "storage_account_name": "dbstoragekptooyrkdbf2s",
                "storage_account_sku_name": "Standard_GRS",
                "virtual_network_id": "/subscriptions/7739b8d4-eb08-431f-b752-b3bc116a0d8b/resourceGroups/FHA-SO-Infra-Net-001/providers/Microsoft.Network/virtualNetworks/vnet-001",
                "vnet_address_prefix": "10.139"
              }
            ],
            "customer_managed_key_enabled": false,
            "disk_encryption_set_id": null,
            "id": "/subscriptions/7739b8d4-eb08-431f-b752-b3bc116a0d8b/resourceGroups/ET-Terraform-Test-databricks/providers/Microsoft.Databricks/workspaces/ETTestDatabrick001-workspace",
            "infrastructure_encryption_enabled": false,
            "load_balancer_backend_address_pool_id": "",
            "location": "canadacentral",
            "managed_disk_cmk_key_vault_key_id": null,
            "managed_disk_cmk_rotation_to_latest_version_enabled": null,
            "managed_disk_identity": [],
            "managed_resource_group_id": "/subscriptions/7739b8d4-eb08-431f-b752-b3bc116a0d8b/resourceGroups/ETTestDatabrick001-workspace-rg",
            "managed_resource_group_name": "ETTestDatabrick001-workspace-rg",
            "managed_services_cmk_key_vault_key_id": null,
            "name": "ETTestDatabrick001-workspace",
            "network_security_group_rules_required": "NoAzureDatabricksRules",
            "public_network_access_enabled": false,
            "resource_group_name": "ET-Terraform-Test-databricks",
            "sku": "premium",
            "storage_account_identity": [],
            "tags": {
              "BCHOCostCenter": "0000-0000-0000",
              "Enviornment": "DEV",
              "OwnerBCHO": "ET Rupinderjit",
              "Project": "Terraform Testing",
              "SolutionName": "Terraform Testing databricks Environment",
              "SolutionType": "M"
            },
            "timeouts": null,
            "workspace_id": "2202561681243973",
            "workspace_url": "adb-2202561681243973.13.azuredatabricks.net"
          },
          "sensitive_attributes": [],
          "private": "eyJlMmJmYjczMC1lY2FhLTExZTYtOGY4OC0zNDM2M2JjN2M0YzAiOnsiY3JlYXRlIjoxODAwMDAwMDAwMDAwLCJkZWxldGUiOjE4MDAwMDAwMDAwMDAsInJlYWQiOjMwMDAwMDAwMDAwMCwidXBkYXRlIjoxODAwMDAwMDAwMDAwfX0=",
          "dependencies": [
            "azurerm_network_security_group.nsg",
            "azurerm_resource_group.rg",
            "azurerm_subnet.private_subnet",
            "azurerm_subnet.public_subnet",
            "azurerm_subnet_network_security_group_association.private",
            "azurerm_subnet_network_security_group_association.public"
          ]
        }
      ]
    },
    {
      "mode": "managed",
      "type": "azurerm_network_security_group",
      "name": "nsg",
      "provider": "provider[\"registry.terraform.io/hashicorp/azurerm\"]",
      "instances": [
        {
          "schema_version": 0,
          "attributes": {
            "id": "/subscriptions/7739b8d4-eb08-431f-b752-b3bc116a0d8b/resourceGroups/ET-Terraform-Test-databricks/providers/Microsoft.Network/networkSecurityGroups/ETTestDatabrick001-nsg",
            "location": "canadacentral",
            "name": "ETTestDatabrick001-nsg",
            "resource_group_name": "ET-Terraform-Test-databricks",
            "security_rule": [
              {
                "access": "Allow",
                "description": "Required for worker communication with Azure Eventhub services.",
                "destination_address_prefix": "EventHub",
                "destination_address_prefixes": [],
                "destination_application_security_group_ids": [],
                "destination_port_range": "9093",
                "destination_port_ranges": [],
                "direction": "Outbound",
                "name": "Microsoft.Databricks-workspaces_UseOnly_databricks-worker-to-eventhub",
                "priority": 103,
                "protocol": "Tcp",
                "source_address_prefix": "VirtualNetwork",
                "source_address_prefixes": [],
                "source_application_security_group_ids": [],
                "source_port_range": "*",
                "source_port_ranges": []
              },
              {
                "access": "Allow",
                "description": "Required for worker nodes communication within a cluster.",
                "destination_address_prefix": "VirtualNetwork",
                "destination_address_prefixes": [],
                "destination_application_security_group_ids": [],
                "destination_port_range": "*",
                "destination_port_ranges": [],
                "direction": "Inbound",
                "name": "Microsoft.Databricks-workspaces_UseOnly_databricks-worker-to-worker-inbound",
                "priority": 100,
                "protocol": "*",
                "source_address_prefix": "VirtualNetwork",
                "source_address_prefixes": [],
                "source_application_security_group_ids": [],
                "source_port_range": "*",
                "source_port_ranges": []
              },
              {
                "access": "Allow",
                "description": "Required for worker nodes communication within a cluster.",
                "destination_address_prefix": "VirtualNetwork",
                "destination_address_prefixes": [],
                "destination_application_security_group_ids": [],
                "destination_port_range": "*",
                "destination_port_ranges": [],
                "direction": "Outbound",
                "name": "Microsoft.Databricks-workspaces_UseOnly_databricks-worker-to-worker-outbound",
                "priority": 100,
                "protocol": "*",
                "source_address_prefix": "VirtualNetwork",
                "source_address_prefixes": [],
                "source_application_security_group_ids": [],
                "source_port_range": "*",
                "source_port_ranges": []
              },
              {
                "access": "Allow",
                "description": "Required for workers communication with Azure SQL services.",
                "destination_address_prefix": "Sql",
                "destination_address_prefixes": [],
                "destination_application_security_group_ids": [],
                "destination_port_range": "3306",
                "destination_port_ranges": [],
                "direction": "Outbound",
                "name": "Microsoft.Databricks-workspaces_UseOnly_databricks-worker-to-sql",
                "priority": 101,
                "protocol": "Tcp",
                "source_address_prefix": "VirtualNetwork",
                "source_address_prefixes": [],
                "source_application_security_group_ids": [],
                "source_port_range": "*",
                "source_port_ranges": []
              },
              {
                "access": "Allow",
                "description": "Required for workers communication with Azure Storage services.",
                "destination_address_prefix": "Storage",
                "destination_address_prefixes": [],
                "destination_application_security_group_ids": [],
                "destination_port_range": "443",
                "destination_port_ranges": [],
                "direction": "Outbound",
                "name": "Microsoft.Databricks-workspaces_UseOnly_databricks-worker-to-storage",
                "priority": 102,
                "protocol": "Tcp",
                "source_address_prefix": "VirtualNetwork",
                "source_address_prefixes": [],
                "source_application_security_group_ids": [],
                "source_port_range": "*",
                "source_port_ranges": []
              }
            ],
            "tags": {},
            "timeouts": null
          },
          "sensitive_attributes": [],
          "private": "eyJlMmJmYjczMC1lY2FhLTExZTYtOGY4OC0zNDM2M2JjN2M0YzAiOnsiY3JlYXRlIjoxODAwMDAwMDAwMDAwLCJkZWxldGUiOjE4MDAwMDAwMDAwMDAsInJlYWQiOjMwMDAwMDAwMDAwMCwidXBkYXRlIjoxODAwMDAwMDAwMDAwfX0=",
          "dependencies": [
            "azurerm_resource_group.rg"
          ]
        }
      ]
    },
    {
      "mode": "managed",
      "type": "azurerm_private_endpoint",
      "name": "example_dnsuiapi",
      "provider": "provider[\"registry.terraform.io/hashicorp/azurerm\"]",
      "instances": [
        {
          "schema_version": 0,
          "attributes": {
            "custom_dns_configs": [],
            "custom_network_interface_name": "",
            "id": "/subscriptions/7739b8d4-eb08-431f-b752-b3bc116a0d8b/resourceGroups/ET-Terraform-Test-databricks/providers/Microsoft.Network/privateEndpoints/ETTestDatabrick001-workspace-ui-api-PE",
            "ip_configuration": [],
            "location": "canadacentral",
            "name": "ETTestDatabrick001-workspace-ui-api-PE",
            "network_interface": [
              {
                "id": "/subscriptions/7739b8d4-eb08-431f-b752-b3bc116a0d8b/resourceGroups/ET-Terraform-Test-databricks/providers/Microsoft.Network/networkInterfaces/ETTestDatabrick001-workspace-ui-api-PE.nic.f9ce3944-d72c-4c5b-9b6e-e3d037186b94",
                "name": "ETTestDatabrick001-workspace-ui-api-PE.nic.f9ce3944-d72c-4c5b-9b6e-e3d037186b94"
              }
            ],
            "private_dns_zone_configs": [
              {
                "id": "/subscriptions/7739b8d4-eb08-431f-b752-b3bc116a0d8b/resourceGroups/ET-Terraform-Test-databricks/providers/Microsoft.Network/privateEndpoints/ETTestDatabrick001-workspace-ui-api-PE/privateDnsZoneGroups/azurerm_databricks_workspace.databricks_workspace.name/privateDnsZoneConfigs/privatelink.azuredatabricks.net",
                "name": "privatelink.azuredatabricks.net",
                "private_dns_zone_id": "/subscriptions/7739b8d4-eb08-431f-b752-b3bc116a0d8b/resourceGroups/fha-so-infra-net-001/providers/Microsoft.Network/privateDnsZones/privatelink.azuredatabricks.net",
                "record_sets": [
                  {
                    "fqdn": "adb-2202561681243973.13.privatelink.azuredatabricks.net",
                    "ip_addresses": [
                      "10.1.21.11"
                    ],
                    "name": "adb-2202561681243973.13",
                    "ttl": 10,
                    "type": "A"
                  }
                ]
              }
            ],
            "private_dns_zone_group": [
              {
                "id": "/subscriptions/7739b8d4-eb08-431f-b752-b3bc116a0d8b/resourceGroups/ET-Terraform-Test-databricks/providers/Microsoft.Network/privateEndpoints/ETTestDatabrick001-workspace-ui-api-PE/privateDnsZoneGroups/azurerm_databricks_workspace.databricks_workspace.name",
                "name": "azurerm_databricks_workspace.databricks_workspace.name",
                "private_dns_zone_ids": [
                  "/subscriptions/7739b8d4-eb08-431f-b752-b3bc116a0d8b/resourceGroups/fha-so-infra-net-001/providers/Microsoft.Network/privateDnsZones/privatelink.azuredatabricks.net"
                ]
              }
            ],
            "private_service_connection": [
              {
                "is_manual_connection": false,
                "name": "ETTestDatabrick001-workspace-ui-api-psc",
                "private_connection_resource_alias": "",
                "private_connection_resource_id": "/subscriptions/7739b8d4-eb08-431f-b752-b3bc116a0d8b/resourceGroups/ET-Terraform-Test-databricks/providers/Microsoft.Databricks/workspaces/ETTestDatabrick001-workspace",
                "private_ip_address": "10.1.21.11",
                "request_message": "",
                "subresource_names": [
                  "databricks_ui_api"
                ]
              }
            ],
            "resource_group_name": "ET-Terraform-Test-databricks",
            "subnet_id": "/subscriptions/7739b8d4-eb08-431f-b752-b3bc116a0d8b/resourceGroups/FHA-SO-Infra-Net-001/providers/Microsoft.Network/virtualNetworks/vnet-001/subnets/MISC",
            "tags": {},
            "timeouts": null
          },
          "sensitive_attributes": [],
          "private": "eyJlMmJmYjczMC1lY2FhLTExZTYtOGY4OC0zNDM2M2JjN2M0YzAiOnsiY3JlYXRlIjozNjAwMDAwMDAwMDAwLCJkZWxldGUiOjM2MDAwMDAwMDAwMDAsInJlYWQiOjMwMDAwMDAwMDAwMCwidXBkYXRlIjozNjAwMDAwMDAwMDAwfX0=",
          "dependencies": [
            "azurerm_databricks_workspace.databricks_workspace",
            "azurerm_network_security_group.nsg",
            "azurerm_resource_group.rg",
            "azurerm_subnet.private_subnet",
            "azurerm_subnet.public_subnet",
            "azurerm_subnet_network_security_group_association.private",
            "azurerm_subnet_network_security_group_association.public",
            "data.azurerm_private_dns_zone.dnsuiapi"
          ]
        }
      ]
    },
    {
      "mode": "managed",
      "type": "azurerm_resource_group",
      "name": "rg",
      "provider": "provider[\"registry.terraform.io/hashicorp/azurerm\"]",
      "instances": [
        {
          "schema_version": 0,
          "attributes": {
            "id": "/subscriptions/7739b8d4-eb08-431f-b752-b3bc116a0d8b/resourceGroups/ET-Terraform-Test-databricks",
            "location": "canadacentral",
            "managed_by": "",
            "name": "ET-Terraform-Test-databricks",
            "tags": {
              "BCHOCostCenter": "0000-0000-0000",
              "Enviornment": "DEV",
              "OwnerBCHO": "ET Rupinderjit",
              "Project": "Terraform Testing",
              "SolutionName": "Terraform Testing Environment",
              "SolutionType": "M"
            },
            "timeouts": null
          },
          "sensitive_attributes": [],
          "private": "eyJlMmJmYjczMC1lY2FhLTExZTYtOGY4OC0zNDM2M2JjN2M0YzAiOnsiY3JlYXRlIjo1NDAwMDAwMDAwMDAwLCJkZWxldGUiOjU0MDAwMDAwMDAwMDAsInJlYWQiOjMwMDAwMDAwMDAwMCwidXBkYXRlIjo1NDAwMDAwMDAwMDAwfX0="
        }
      ]
    },
    {
      "mode": "managed",
      "type": "azurerm_subnet",
      "name": "private_subnet",
      "provider": "provider[\"registry.terraform.io/hashicorp/azurerm\"]",
      "instances": [
        {
          "schema_version": 0,
          "attributes": {
            "address_prefixes": [
              "10.1.65.64/26"
            ],
            "delegation": [
              {
                "name": "databricks_private",
                "service_delegation": [
                  {
                    "actions": [
                      "Microsoft.Network/virtualNetworks/subnets/join/action",
                      "Microsoft.Network/virtualNetworks/subnets/prepareNetworkPolicies/action",
                      "Microsoft.Network/virtualNetworks/subnets/unprepareNetworkPolicies/action"
                    ],
                    "name": "Microsoft.Databricks/workspaces"
                  }
                ]
              }
            ],
            "enforce_private_link_endpoint_network_policies": false,
            "enforce_private_link_service_network_policies": false,
            "id": "/subscriptions/7739b8d4-eb08-431f-b752-b3bc116a0d8b/resourceGroups/FHA-SO-Infra-Net-001/providers/Microsoft.Network/virtualNetworks/vnet-001/subnets/ETTestDatabrick001-private-subnet",
            "name": "ETTestDatabrick001-private-subnet",
            "private_endpoint_network_policies_enabled": true,
            "private_link_service_network_policies_enabled": true,
            "resource_group_name": "FHA-SO-Infra-Net-001",
            "service_endpoint_policy_ids": [],
            "service_endpoints": [],
            "timeouts": null,
            "virtual_network_name": "vnet-001"
          },
          "sensitive_attributes": [],
          "private": "eyJlMmJmYjczMC1lY2FhLTExZTYtOGY4OC0zNDM2M2JjN2M0YzAiOnsiY3JlYXRlIjoxODAwMDAwMDAwMDAwLCJkZWxldGUiOjE4MDAwMDAwMDAwMDAsInJlYWQiOjMwMDAwMDAwMDAwMCwidXBkYXRlIjoxODAwMDAwMDAwMDAwfX0="
        }
      ]
    },
    {
      "mode": "managed",
      "type": "azurerm_subnet",
      "name": "public_subnet",
      "provider": "provider[\"registry.terraform.io/hashicorp/azurerm\"]",
      "instances": [
        {
          "schema_version": 0,
          "attributes": {
            "address_prefixes": [
              "10.1.65.0/26"
            ],
            "delegation": [
              {
                "name": "databricks_public",
                "service_delegation": [
                  {
                    "actions": [
                      "Microsoft.Network/virtualNetworks/subnets/join/action",
                      "Microsoft.Network/virtualNetworks/subnets/prepareNetworkPolicies/action",
                      "Microsoft.Network/virtualNetworks/subnets/unprepareNetworkPolicies/action"
                    ],
                    "name": "Microsoft.Databricks/workspaces"
                  }
                ]
              }
            ],
            "enforce_private_link_endpoint_network_policies": false,
            "enforce_private_link_service_network_policies": false,
            "id": "/subscriptions/7739b8d4-eb08-431f-b752-b3bc116a0d8b/resourceGroups/FHA-SO-Infra-Net-001/providers/Microsoft.Network/virtualNetworks/vnet-001/subnets/ETTestDatabrick001-public-subnet",
            "name": "ETTestDatabrick001-public-subnet",
            "private_endpoint_network_policies_enabled": true,
            "private_link_service_network_policies_enabled": true,
            "resource_group_name": "FHA-SO-Infra-Net-001",
            "service_endpoint_policy_ids": [],
            "service_endpoints": [],
            "timeouts": null,
            "virtual_network_name": "vnet-001"
          },
          "sensitive_attributes": [],
          "private": "eyJlMmJmYjczMC1lY2FhLTExZTYtOGY4OC0zNDM2M2JjN2M0YzAiOnsiY3JlYXRlIjoxODAwMDAwMDAwMDAwLCJkZWxldGUiOjE4MDAwMDAwMDAwMDAsInJlYWQiOjMwMDAwMDAwMDAwMCwidXBkYXRlIjoxODAwMDAwMDAwMDAwfX0="
        }
      ]
    },
    {
      "mode": "managed",
      "type": "azurerm_subnet_network_security_group_association",
      "name": "private",
      "provider": "provider[\"registry.terraform.io/hashicorp/azurerm\"]",
      "instances": [
        {
          "schema_version": 0,
          "attributes": {
            "id": "/subscriptions/7739b8d4-eb08-431f-b752-b3bc116a0d8b/resourceGroups/FHA-SO-Infra-Net-001/providers/Microsoft.Network/virtualNetworks/vnet-001/subnets/ETTestDatabrick001-private-subnet",
            "network_security_group_id": "/subscriptions/7739b8d4-eb08-431f-b752-b3bc116a0d8b/resourceGroups/ET-Terraform-Test-databricks/providers/Microsoft.Network/networkSecurityGroups/ETTestDatabrick001-nsg",
            "subnet_id": "/subscriptions/7739b8d4-eb08-431f-b752-b3bc116a0d8b/resourceGroups/FHA-SO-Infra-Net-001/providers/Microsoft.Network/virtualNetworks/vnet-001/subnets/ETTestDatabrick001-private-subnet",
            "timeouts": null
          },
          "sensitive_attributes": [],
          "private": "eyJlMmJmYjczMC1lY2FhLTExZTYtOGY4OC0zNDM2M2JjN2M0YzAiOnsiY3JlYXRlIjoxODAwMDAwMDAwMDAwLCJkZWxldGUiOjE4MDAwMDAwMDAwMDAsInJlYWQiOjMwMDAwMDAwMDAwMCwidXBkYXRlIjoxODAwMDAwMDAwMDAwfX0=",
          "dependencies": [
            "azurerm_network_security_group.nsg",
            "azurerm_resource_group.rg",
            "azurerm_subnet.private_subnet"
          ]
        }
      ]
    },
    {
      "mode": "managed",
      "type": "azurerm_subnet_network_security_group_association",
      "name": "public",
      "provider": "provider[\"registry.terraform.io/hashicorp/azurerm\"]",
      "instances": [
        {
          "schema_version": 0,
          "attributes": {
            "id": "/subscriptions/7739b8d4-eb08-431f-b752-b3bc116a0d8b/resourceGroups/FHA-SO-Infra-Net-001/providers/Microsoft.Network/virtualNetworks/vnet-001/subnets/ETTestDatabrick001-public-subnet",
            "network_security_group_id": "/subscriptions/7739b8d4-eb08-431f-b752-b3bc116a0d8b/resourceGroups/ET-Terraform-Test-databricks/providers/Microsoft.Network/networkSecurityGroups/ETTestDatabrick001-nsg",
            "subnet_id": "/subscriptions/7739b8d4-eb08-431f-b752-b3bc116a0d8b/resourceGroups/FHA-SO-Infra-Net-001/providers/Microsoft.Network/virtualNetworks/vnet-001/subnets/ETTestDatabrick001-public-subnet",
            "timeouts": null
          },
          "sensitive_attributes": [],
          "private": "eyJlMmJmYjczMC1lY2FhLTExZTYtOGY4OC0zNDM2M2JjN2M0YzAiOnsiY3JlYXRlIjoxODAwMDAwMDAwMDAwLCJkZWxldGUiOjE4MDAwMDAwMDAwMDAsInJlYWQiOjMwMDAwMDAwMDAwMCwidXBkYXRlIjoxODAwMDAwMDAwMDAwfX0=",
          "dependencies": [
            "azurerm_network_security_group.nsg",
            "azurerm_resource_group.rg",
            "azurerm_subnet.public_subnet"
          ]
        }
      ]
    },
    {
      "mode": "managed",
      "type": "random_string",
      "name": "random",
      "provider": "provider[\"registry.terraform.io/hashicorp/random\"]",
      "instances": [
        {
          "schema_version": 2,
          "attributes": {
            "id": "uejfpd",
            "keepers": null,
            "length": 6,
            "lower": true,
            "min_lower": 0,
            "min_numeric": 0,
            "min_special": 0,
            "min_upper": 0,
            "number": true,
            "numeric": true,
            "override_special": null,
            "result": "uejfpd",
            "special": false,
            "upper": false
          },
          "sensitive_attributes": []
        }
      ]
    }
  ],
  "check_results": null
}
