{
  "version": 4,
  "terraform_version": "1.5.7",
  "serial": 15,
  "lineage": "79add524-2e0f-c365-60d3-423ccf3576b7",
  "outputs": {},
  "resources": [
    {
      "mode": "data",
      "type": "azurerm_private_dns_zone",
      "name": "blob_zone",
      "provider": "provider[\"registry.terraform.io/hashicorp/azurerm\"]",
      "instances": [
        {
          "schema_version": 0,
          "attributes": {
            "id": "/subscriptions/7739b8d4-eb08-431f-b752-b3bc116a0d8b/resourceGroups/fha-so-infra-net-001/providers/Microsoft.Network/privateDnsZones/privatelink.blob.core.windows.net",
            "max_number_of_record_sets": 25000,
            "max_number_of_virtual_network_links": 1000,
            "max_number_of_virtual_network_links_with_registration": 100,
            "name": "privatelink.blob.core.windows.net",
            "number_of_record_sets": 2,
            "resource_group_name": "fha-so-infra-net-001",
            "tags": {},
            "timeouts": null
          },
          "sensitive_attributes": []
        }
      ]
    },
    {
      "mode": "data",
      "type": "azurerm_private_dns_zone",
      "name": "dfs_zone",
      "provider": "provider[\"registry.terraform.io/hashicorp/azurerm\"]",
      "instances": [
        {
          "schema_version": 0,
          "attributes": {
            "id": "/subscriptions/7739b8d4-eb08-431f-b752-b3bc116a0d8b/resourceGroups/fha-so-infra-net-001/providers/Microsoft.Network/privateDnsZones/privatelink.dfs.core.windows.net",
            "max_number_of_record_sets": 25000,
            "max_number_of_virtual_network_links": 1000,
            "max_number_of_virtual_network_links_with_registration": 100,
            "name": "privatelink.dfs.core.windows.net",
            "number_of_record_sets": 1,
            "resource_group_name": "fha-so-infra-net-001",
            "tags": {},
            "timeouts": null
          },
          "sensitive_attributes": []
        }
      ]
    },
    {
      "mode": "managed",
      "type": "azurerm_private_endpoint",
      "name": "example_blob",
      "provider": "provider[\"registry.terraform.io/hashicorp/azurerm\"]",
      "instances": [
        {
          "schema_version": 0,
          "attributes": {
            "custom_dns_configs": [],
            "custom_network_interface_name": "",
            "id": "/subscriptions/7739b8d4-eb08-431f-b752-b3bc116a0d8b/resourceGroups/ET-Terraform-Test001/providers/Microsoft.Network/privateEndpoints/ettestyabq8f-blob-PE",
            "ip_configuration": [],
            "location": "canadacentral",
            "name": "ettestyabq8f-blob-PE",
            "network_interface": [
              {
                "id": "/subscriptions/7739b8d4-eb08-431f-b752-b3bc116a0d8b/resourceGroups/ET-Terraform-Test001/providers/Microsoft.Network/networkInterfaces/ettestyabq8f-blob-PE.nic.da902d4d-1de8-468b-8a64-77f916d69c27",
                "name": "ettestyabq8f-blob-PE.nic.da902d4d-1de8-468b-8a64-77f916d69c27"
              }
            ],
            "private_dns_zone_configs": [
              {
                "id": "/subscriptions/7739b8d4-eb08-431f-b752-b3bc116a0d8b/resourceGroups/ET-Terraform-Test001/providers/Microsoft.Network/privateEndpoints/ettestyabq8f-blob-PE/privateDnsZoneGroups/azurerm_storage_account.example.name/privateDnsZoneConfigs/privatelink.blob.core.windows.net",
                "name": "privatelink.blob.core.windows.net",
                "private_dns_zone_id": "/subscriptions/7739b8d4-eb08-431f-b752-b3bc116a0d8b/resourceGroups/fha-so-infra-net-001/providers/Microsoft.Network/privateDnsZones/privatelink.blob.core.windows.net",
                "record_sets": [
                  {
                    "fqdn": "ettestyabq8f.privatelink.blob.core.windows.net",
                    "ip_addresses": [
                      "10.1.21.11"
                    ],
                    "name": "ettestyabq8f",
                    "ttl": 10,
                    "type": "A"
                  }
                ]
              }
            ],
            "private_dns_zone_group": [
              {
                "id": "/subscriptions/7739b8d4-eb08-431f-b752-b3bc116a0d8b/resourceGroups/ET-Terraform-Test001/providers/Microsoft.Network/privateEndpoints/ettestyabq8f-blob-PE/privateDnsZoneGroups/azurerm_storage_account.example.name",
                "name": "azurerm_storage_account.example.name",
                "private_dns_zone_ids": [
                  "/subscriptions/7739b8d4-eb08-431f-b752-b3bc116a0d8b/resourceGroups/fha-so-infra-net-001/providers/Microsoft.Network/privateDnsZones/privatelink.blob.core.windows.net"
                ]
              }
            ],
            "private_service_connection": [
              {
                "is_manual_connection": false,
                "name": "ettestyabq8f-blob-psc",
                "private_connection_resource_alias": "",
                "private_connection_resource_id": "/subscriptions/7739b8d4-eb08-431f-b752-b3bc116a0d8b/resourceGroups/ET-Terraform-Test001/providers/Microsoft.Storage/storageAccounts/ettestyabq8f",
                "private_ip_address": "10.1.21.11",
                "request_message": "",
                "subresource_names": [
                  "blob"
                ]
              }
            ],
            "resource_group_name": "ET-Terraform-Test001",
            "subnet_id": "/subscriptions/7739b8d4-eb08-431f-b752-b3bc116a0d8b/resourceGroups/FHA-SO-Infra-Net-001/providers/Microsoft.Network/virtualNetworks/vnet-001/subnets/MISC",
            "tags": null,
            "timeouts": null
          },
          "sensitive_attributes": [],
          "private": "eyJlMmJmYjczMC1lY2FhLTExZTYtOGY4OC0zNDM2M2JjN2M0YzAiOnsiY3JlYXRlIjozNjAwMDAwMDAwMDAwLCJkZWxldGUiOjM2MDAwMDAwMDAwMDAsInJlYWQiOjMwMDAwMDAwMDAwMCwidXBkYXRlIjozNjAwMDAwMDAwMDAwfX0=",
          "dependencies": [
            "azurerm_resource_group.example",
            "azurerm_storage_account.example",
            "data.azurerm_private_dns_zone.blob_zone"
          ]
        }
      ]
    },
    {
      "mode": "managed",
      "type": "azurerm_private_endpoint",
      "name": "example_dfs",
      "provider": "provider[\"registry.terraform.io/hashicorp/azurerm\"]",
      "instances": [
        {
          "schema_version": 0,
          "attributes": {
            "custom_dns_configs": [],
            "custom_network_interface_name": "",
            "id": "/subscriptions/7739b8d4-eb08-431f-b752-b3bc116a0d8b/resourceGroups/ET-Terraform-Test001/providers/Microsoft.Network/privateEndpoints/ettestyabq8f-dfs-PE",
            "ip_configuration": [],
            "location": "canadacentral",
            "name": "ettestyabq8f-dfs-PE",
            "network_interface": [
              {
                "id": "/subscriptions/7739b8d4-eb08-431f-b752-b3bc116a0d8b/resourceGroups/ET-Terraform-Test001/providers/Microsoft.Network/networkInterfaces/ettestyabq8f-dfs-PE.nic.256ccd84-a1d7-40b2-86fb-370f63682191",
                "name": "ettestyabq8f-dfs-PE.nic.256ccd84-a1d7-40b2-86fb-370f63682191"
              }
            ],
            "private_dns_zone_configs": [
              {
                "id": "/subscriptions/7739b8d4-eb08-431f-b752-b3bc116a0d8b/resourceGroups/ET-Terraform-Test001/providers/Microsoft.Network/privateEndpoints/ettestyabq8f-dfs-PE/privateDnsZoneGroups/azurerm_storage_account.example.name/privateDnsZoneConfigs/privatelink.dfs.core.windows.net",
                "name": "privatelink.dfs.core.windows.net",
                "private_dns_zone_id": "/subscriptions/7739b8d4-eb08-431f-b752-b3bc116a0d8b/resourceGroups/fha-so-infra-net-001/providers/Microsoft.Network/privateDnsZones/privatelink.dfs.core.windows.net",
                "record_sets": [
                  {
                    "fqdn": "ettestyabq8f.privatelink.dfs.core.windows.net",
                    "ip_addresses": [
                      "10.1.21.12"
                    ],
                    "name": "ettestyabq8f",
                    "ttl": 10,
                    "type": "A"
                  }
                ]
              }
            ],
            "private_dns_zone_group": [
              {
                "id": "/subscriptions/7739b8d4-eb08-431f-b752-b3bc116a0d8b/resourceGroups/ET-Terraform-Test001/providers/Microsoft.Network/privateEndpoints/ettestyabq8f-dfs-PE/privateDnsZoneGroups/azurerm_storage_account.example.name",
                "name": "azurerm_storage_account.example.name",
                "private_dns_zone_ids": [
                  "/subscriptions/7739b8d4-eb08-431f-b752-b3bc116a0d8b/resourceGroups/fha-so-infra-net-001/providers/Microsoft.Network/privateDnsZones/privatelink.dfs.core.windows.net"
                ]
              }
            ],
            "private_service_connection": [
              {
                "is_manual_connection": false,
                "name": "ettestyabq8f-dfs-psc",
                "private_connection_resource_alias": "",
                "private_connection_resource_id": "/subscriptions/7739b8d4-eb08-431f-b752-b3bc116a0d8b/resourceGroups/ET-Terraform-Test001/providers/Microsoft.Storage/storageAccounts/ettestyabq8f",
                "private_ip_address": "10.1.21.12",
                "request_message": "",
                "subresource_names": [
                  "dfs"
                ]
              }
            ],
            "resource_group_name": "ET-Terraform-Test001",
            "subnet_id": "/subscriptions/7739b8d4-eb08-431f-b752-b3bc116a0d8b/resourceGroups/FHA-SO-Infra-Net-001/providers/Microsoft.Network/virtualNetworks/vnet-001/subnets/MISC",
            "tags": null,
            "timeouts": null
          },
          "sensitive_attributes": [],
          "private": "eyJlMmJmYjczMC1lY2FhLTExZTYtOGY4OC0zNDM2M2JjN2M0YzAiOnsiY3JlYXRlIjozNjAwMDAwMDAwMDAwLCJkZWxldGUiOjM2MDAwMDAwMDAwMDAsInJlYWQiOjMwMDAwMDAwMDAwMCwidXBkYXRlIjozNjAwMDAwMDAwMDAwfX0=",
          "dependencies": [
            "azurerm_resource_group.example",
            "azurerm_storage_account.example",
            "data.azurerm_private_dns_zone.dfs_zone"
          ]
        }
      ]
    },
    {
      "mode": "managed",
      "type": "azurerm_resource_group",
      "name": "example",
      "provider": "provider[\"registry.terraform.io/hashicorp/azurerm\"]",
      "instances": [
        {
          "schema_version": 0,
          "attributes": {
            "id": "/subscriptions/7739b8d4-eb08-431f-b752-b3bc116a0d8b/resourceGroups/ET-Terraform-Test001",
            "location": "canadacentral",
            "managed_by": "",
            "name": "ET-Terraform-Test001",
            "tags": {
              "BCHOCostCenter": "0000-0000-0000",
              "Enviornment": "DEV",
              "OwnerBCHO": "ET Rupinderjit",
              "Project": "Terraform Testing",
              "SolutionName": "Terraform Testing Environment",
              "SolutionType": "M"
            },
            "timeouts": null
          },
          "sensitive_attributes": [],
          "private": "eyJlMmJmYjczMC1lY2FhLTExZTYtOGY4OC0zNDM2M2JjN2M0YzAiOnsiY3JlYXRlIjo1NDAwMDAwMDAwMDAwLCJkZWxldGUiOjU0MDAwMDAwMDAwMDAsInJlYWQiOjMwMDAwMDAwMDAwMCwidXBkYXRlIjo1NDAwMDAwMDAwMDAwfX0="
        }
      ]
    },
    {
      "mode": "managed",
      "type": "azurerm_storage_account",
      "name": "example",
      "provider": "provider[\"registry.terraform.io/hashicorp/azurerm\"]",
      "instances": [
        {
          "schema_version": 4,
          "attributes": {
            "access_tier": "Hot",
            "account_kind": "StorageV2",
            "account_replication_type": "LRS",
            "account_tier": "Standard",
            "allow_nested_items_to_be_public": true,
            "allowed_copy_scope": "",
            "azure_files_authentication": [],
            "blob_properties": [
              {
                "change_feed_enabled": false,
                "change_feed_retention_in_days": 0,
                "container_delete_retention_policy": [],
                "cors_rule": [],
                "default_service_version": "",
                "delete_retention_policy": [],
                "last_access_time_enabled": false,
                "restore_policy": [],
                "versioning_enabled": false
              }
            ],
            "cross_tenant_replication_enabled": true,
            "custom_domain": [],
            "customer_managed_key": [],
            "default_to_oauth_authentication": false,
            "edge_zone": "",
            "enable_https_traffic_only": true,
            "id": "/subscriptions/7739b8d4-eb08-431f-b752-b3bc116a0d8b/resourceGroups/ET-Terraform-Test001/providers/Microsoft.Storage/storageAccounts/ettestyabq8f",
            "identity": [],
            "immutability_policy": [],
            "infrastructure_encryption_enabled": false,
            "is_hns_enabled": true,
            "large_file_share_enabled": null,
            "location": "canadacentral",
            "min_tls_version": "TLS1_2",
            "name": "ettestyabq8f",
            "network_rules": [
              {
                "bypass": [
                  "AzureServices"
                ],
                "default_action": "Allow",
                "ip_rules": [],
                "private_link_access": [],
                "virtual_network_subnet_ids": []
              }
            ],
            "nfsv3_enabled": false,
            "primary_access_key": "x6U9O1PSN4akkIRnD+YN9xZLGp2sAqK1BGfwbW6lFjZ0Fd+UkGCz2oscY37kxq6GN19eGAUDzS3D+ASt5z/wLQ==",
            "primary_blob_connection_string": "DefaultEndpointsProtocol=https;BlobEndpoint=https://ettestyabq8f.blob.core.windows.net/;AccountName=ettestyabq8f;AccountKey=x6U9O1PSN4akkIRnD+YN9xZLGp2sAqK1BGfwbW6lFjZ0Fd+UkGCz2oscY37kxq6GN19eGAUDzS3D+ASt5z/wLQ==",
            "primary_blob_endpoint": "https://ettestyabq8f.blob.core.windows.net/",
            "primary_blob_host": "ettestyabq8f.blob.core.windows.net",
            "primary_connection_string": "DefaultEndpointsProtocol=https;AccountName=ettestyabq8f;AccountKey=x6U9O1PSN4akkIRnD+YN9xZLGp2sAqK1BGfwbW6lFjZ0Fd+UkGCz2oscY37kxq6GN19eGAUDzS3D+ASt5z/wLQ==;EndpointSuffix=core.windows.net",
            "primary_dfs_endpoint": "https://ettestyabq8f.dfs.core.windows.net/",
            "primary_dfs_host": "ettestyabq8f.dfs.core.windows.net",
            "primary_file_endpoint": "https://ettestyabq8f.file.core.windows.net/",
            "primary_file_host": "ettestyabq8f.file.core.windows.net",
            "primary_location": "canadacentral",
            "primary_queue_endpoint": "https://ettestyabq8f.queue.core.windows.net/",
            "primary_queue_host": "ettestyabq8f.queue.core.windows.net",
            "primary_table_endpoint": "https://ettestyabq8f.table.core.windows.net/",
            "primary_table_host": "ettestyabq8f.table.core.windows.net",
            "primary_web_endpoint": "https://ettestyabq8f.z9.web.core.windows.net/",
            "primary_web_host": "ettestyabq8f.z9.web.core.windows.net",
            "public_network_access_enabled": false,
            "queue_encryption_key_type": "Service",
            "queue_properties": [
              {
                "cors_rule": [],
                "hour_metrics": [
                  {
                    "enabled": true,
                    "include_apis": true,
                    "retention_policy_days": 7,
                    "version": "1.0"
                  }
                ],
                "logging": [
                  {
                    "delete": false,
                    "read": false,
                    "retention_policy_days": 0,
                    "version": "1.0",
                    "write": false
                  }
                ],
                "minute_metrics": [
                  {
                    "enabled": false,
                    "include_apis": false,
                    "retention_policy_days": 0,
                    "version": "1.0"
                  }
                ]
              }
            ],
            "resource_group_name": "ET-Terraform-Test001",
            "routing": [],
            "sas_policy": [],
            "secondary_access_key": "n3yXylXjEfiahtF6DI8904ZRUrBQeLlPyDlvb6epyDIJ8Gwr+jqx7eJJVA0W1mPLEMAZmq9U5bsN+AStFi4VsA==",
            "secondary_blob_connection_string": "",
            "secondary_blob_endpoint": null,
            "secondary_blob_host": null,
            "secondary_connection_string": "DefaultEndpointsProtocol=https;AccountName=ettestyabq8f;AccountKey=n3yXylXjEfiahtF6DI8904ZRUrBQeLlPyDlvb6epyDIJ8Gwr+jqx7eJJVA0W1mPLEMAZmq9U5bsN+AStFi4VsA==;EndpointSuffix=core.windows.net",
            "secondary_dfs_endpoint": null,
            "secondary_dfs_host": null,
            "secondary_file_endpoint": null,
            "secondary_file_host": null,
            "secondary_location": "",
            "secondary_queue_endpoint": null,
            "secondary_queue_host": null,
            "secondary_table_endpoint": null,
            "secondary_table_host": null,
            "secondary_web_endpoint": null,
            "secondary_web_host": null,
            "sftp_enabled": false,
            "share_properties": [
              {
                "cors_rule": [],
                "retention_policy": [
                  {
                    "days": 7
                  }
                ],
                "smb": []
              }
            ],
            "shared_access_key_enabled": true,
            "static_website": [],
            "table_encryption_key_type": "Service",
            "tags": {},
            "timeouts": null
          },
          "sensitive_attributes": [],
          "private": "eyJlMmJmYjczMC1lY2FhLTExZTYtOGY4OC0zNDM2M2JjN2M0YzAiOnsiY3JlYXRlIjozNjAwMDAwMDAwMDAwLCJkZWxldGUiOjM2MDAwMDAwMDAwMDAsInJlYWQiOjMwMDAwMDAwMDAwMCwidXBkYXRlIjozNjAwMDAwMDAwMDAwfSwic2NoZW1hX3ZlcnNpb24iOiI0In0=",
          "dependencies": [
            "azurerm_resource_group.example",
            "random_string.random"
          ]
        }
      ]
    },
    {
      "mode": "managed",
      "type": "random_string",
      "name": "random",
      "provider": "provider[\"registry.terraform.io/hashicorp/random\"]",
      "instances": [
        {
          "schema_version": 2,
          "attributes": {
            "id": "yabq8f",
            "keepers": null,
            "length": 6,
            "lower": true,
            "min_lower": 0,
            "min_numeric": 0,
            "min_special": 0,
            "min_upper": 0,
            "number": true,
            "numeric": true,
            "override_special": null,
            "result": "yabq8f",
            "special": false,
            "upper": false
          },
          "sensitive_attributes": []
        }
      ]
    }
  ],
  "check_results": null
}
